
Microsoft Visual Studio Solution File, Format Version 12.00
# Visual Studio 15
VisualStudioVersion = 15.0.27703.2035
MinimumVisualStudioVersion = 10.0.40219.1
Project("{FAE04EC0-301F-11D3-BF4B-00C04F79EFBC}") = "Project21", "Project21\Project21.csproj", "{3F84803E-BB2B-4DFC-817A-05AA63CF1DF0}"
EndProject
Global
	GlobalSection(SolutionConfigurationPlatforms) = preSolution
		Debug|Any CPU = Debug|Any CPU
		Release|Any CPU = Release|Any CPU
	EndGlobalSection
	GlobalSection(ProjectConfigurationPlatforms) = postSolution
		{3F84803E-BB2B-4DFC-817A-05AA63CF1DF0}.Debug|Any CPU.ActiveCfg = Debug|Any CPU
		{3F84803E-BB2B-4DFC-817A-05AA63CF1DF0}.Debug|Any CPU.Build.0 = Debug|Any CPU
		{3F84803E-BB2B-4DFC-817A-05AA63CF1DF0}.Release|Any CPU.ActiveCfg = Release|Any CPU
		{3F84803E-BB2B-4DFC-817A-05AA63CF1DF0}.Release|Any CPU.Build.0 = Release|Any CPU
	EndGlobalSection
	GlobalSection(SolutionProperties) = preSolution
		HideSolutionNode = FALSE
	EndGlobalSection
	GlobalSection(ExtensibilityGlobals) = postSolution
		SolutionGuid = {DB07104A-486D-4E4B-A552-D6B6B2228AE9}
	EndGlobalSection
EndGlobal
